Microsoft Visual Studio Solution File, Format Version 12.00
# Visual Studio 2012
Project("{FAE04EC0-301F-11D3-BF4B-00C04F79EFBC}") = "SalaryReports - Step 01", "SalaryReports - Step 01\SalaryReports - Step 01.csproj", "{D73E2BAD-1043-4248-82AD-8C4C6905F50D}"
EndProject
Project("{FAE04EC0-301F-11D3-BF4B-00C04F79EFBC}") = "SalaryReports - Step 02", "SalaryReports - Step 02\SalaryReports - Step 02.csproj", "{7E579BFD-8EF0-4022-BC02-915636BC1A91}"
EndProject
Project("{FAE04EC0-301F-11D3-BF4B-00C04F79EFBC}") = "SalaryReports - Step 03", "SalaryReports - Step 03\SalaryReports - Step 03.csproj", "{488EB5E0-462F-403E-A974-3A3AD7C7168B}"
EndProject
Project("{FAE04EC0-301F-11D3-BF4B-00C04F79EFBC}") = "SalaryReports - Step 04", "SalaryReports - Step 04\SalaryReports - Step 04.csproj", "{5B1D4B08-402D-4A03-92B7-FBB0EA5F24F8}"
EndProject
Project("{FAE04EC0-301F-11D3-BF4B-00C04F79EFBC}") = "SalaryReports - Step 05", "SalaryReports - Step 05\SalaryReports - Step 05.csproj", "{4352BA4D-E7D9-48C6-A071-C7E63F59EAE6}"
EndProject
Project("{FAE04EC0-301F-11D3-BF4B-00C04F79EFBC}") = "SalaryReports - Step 11", "SalaryReports - Step 11\SalaryReports - Step 11.csproj", "{BDD2431A-A488-478B-839F-790E76BC05CF}"
EndProject
Project("{FAE04EC0-301F-11D3-BF4B-00C04F79EFBC}") = "SalaryReports - Step 06", "SalaryReports - Step 06\SalaryReports - Step 06.csproj", "{0BB3AB40-52EE-4C9E-970A-2BA514AD4FDD}"
EndProject
Project("{FAE04EC0-301F-11D3-BF4B-00C04F79EFBC}") = "SalaryReports - Step 07", "SalaryReports - Step 07\SalaryReports - Step 07.csproj", "{09304AF6-51E0-4689-AD82-B4CF0AB0A10D}"
EndProject
Project("{FAE04EC0-301F-11D3-BF4B-00C04F79EFBC}") = "SalaryReports - Step 12", "SalaryReports - Step 12\SalaryReports - Step 12.csproj", "{3293764A-D23D-4925-8A0F-B7852AF60590}"
EndProject
Project("{FAE04EC0-301F-11D3-BF4B-00C04F79EFBC}") = "SalaryReports - Step 09", "SalaryReports - Step 09\SalaryReports - Step 09.csproj", "{911A7E6D-BDA1-4DDE-B8C8-9D691ACF4755}"
EndProject
Project("{FAE04EC0-301F-11D3-BF4B-00C04F79EFBC}") = "SalaryReports - Step 10", "SalaryReports - Step 10\SalaryReports - Step 10.csproj", "{966A4BE9-FBA1-41E6-9393-46F8492C1CCB}"
EndProject
Project("{FAE04EC0-301F-11D3-BF4B-00C04F79EFBC}") = "SalaryReports - Step 08", "SalaryReports - Step 08\SalaryReports - Step 08.csproj", "{C78A1AFB-9222-4BAE-BCD6-2BB54D21761D}"
EndProject
Global
	GlobalSection(SolutionConfigurationPlatforms) = preSolution
		Debug|x86 = Debug|x86
		Release|x86 = Release|x86
	EndGlobalSection
	GlobalSection(ProjectConfigurationPlatforms) = postSolution
		{D73E2BAD-1043-4248-82AD-8C4C6905F50D}.Debug|x86.ActiveCfg = Debug|x86
		{D73E2BAD-1043-4248-82AD-8C4C6905F50D}.Debug|x86.Build.0 = Debug|x86
		{D73E2BAD-1043-4248-82AD-8C4C6905F50D}.Release|x86.ActiveCfg = Release|x86
		{D73E2BAD-1043-4248-82AD-8C4C6905F50D}.Release|x86.Build.0 = Release|x86
		{7E579BFD-8EF0-4022-BC02-915636BC1A91}.Debug|x86.ActiveCfg = Debug|x86
		{7E579BFD-8EF0-4022-BC02-915636BC1A91}.Debug|x86.Build.0 = Debug|x86
		{7E579BFD-8EF0-4022-BC02-915636BC1A91}.Release|x86.ActiveCfg = Release|x86
		{7E579BFD-8EF0-4022-BC02-915636BC1A91}.Release|x86.Build.0 = Release|x86
		{488EB5E0-462F-403E-A974-3A3AD7C7168B}.Debug|x86.ActiveCfg = Debug|x86
		{488EB5E0-462F-403E-A974-3A3AD7C7168B}.Debug|x86.Build.0 = Debug|x86
		{488EB5E0-462F-403E-A974-3A3AD7C7168B}.Release|x86.ActiveCfg = Release|x86
		{488EB5E0-462F-403E-A974-3A3AD7C7168B}.Release|x86.Build.0 = Release|x86
		{5B1D4B08-402D-4A03-92B7-FBB0EA5F24F8}.Debug|x86.ActiveCfg = Debug|x86
		{5B1D4B08-402D-4A03-92B7-FBB0EA5F24F8}.Debug|x86.Build.0 = Debug|x86
		{5B1D4B08-402D-4A03-92B7-FBB0EA5F24F8}.Release|x86.ActiveCfg = Release|x86
		{5B1D4B08-402D-4A03-92B7-FBB0EA5F24F8}.Release|x86.Build.0 = Release|x86
		{4352BA4D-E7D9-48C6-A071-C7E63F59EAE6}.Debug|x86.ActiveCfg = Debug|x86
		{4352BA4D-E7D9-48C6-A071-C7E63F59EAE6}.Debug|x86.Build.0 = Debug|x86
		{4352BA4D-E7D9-48C6-A071-C7E63F59EAE6}.Release|x86.ActiveCfg = Release|x86
		{4352BA4D-E7D9-48C6-A071-C7E63F59EAE6}.Release|x86.Build.0 = Release|x86
		{BDD2431A-A488-478B-839F-790E76BC05CF}.Debug|x86.ActiveCfg = Debug|x86
		{BDD2431A-A488-478B-839F-790E76BC05CF}.Debug|x86.Build.0 = Debug|x86
		{BDD2431A-A488-478B-839F-790E76BC05CF}.Release|x86.ActiveCfg = Release|x86
		{BDD2431A-A488-478B-839F-790E76BC05CF}.Release|x86.Build.0 = Release|x86
		{0BB3AB40-52EE-4C9E-970A-2BA514AD4FDD}.Debug|x86.ActiveCfg = Debug|x86
		{0BB3AB40-52EE-4C9E-970A-2BA514AD4FDD}.Debug|x86.Build.0 = Debug|x86
		{0BB3AB40-52EE-4C9E-970A-2BA514AD4FDD}.Release|x86.ActiveCfg = Release|x86
		{0BB3AB40-52EE-4C9E-970A-2BA514AD4FDD}.Release|x86.Build.0 = Release|x86
		{09304AF6-51E0-4689-AD82-B4CF0AB0A10D}.Debug|x86.ActiveCfg = Debug|x86
		{09304AF6-51E0-4689-AD82-B4CF0AB0A10D}.Debug|x86.Build.0 = Debug|x86
		{09304AF6-51E0-4689-AD82-B4CF0AB0A10D}.Release|x86.ActiveCfg = Release|x86
		{09304AF6-51E0-4689-AD82-B4CF0AB0A10D}.Release|x86.Build.0 = Release|x86
		{3293764A-D23D-4925-8A0F-B7852AF60590}.Debug|x86.ActiveCfg = Debug|x86
		{3293764A-D23D-4925-8A0F-B7852AF60590}.Debug|x86.Build.0 = Debug|x86
		{3293764A-D23D-4925-8A0F-B7852AF60590}.Release|x86.ActiveCfg = Release|x86
		{3293764A-D23D-4925-8A0F-B7852AF60590}.Release|x86.Build.0 = Release|x86
		{911A7E6D-BDA1-4DDE-B8C8-9D691ACF4755}.Debug|x86.ActiveCfg = Debug|x86
		{911A7E6D-BDA1-4DDE-B8C8-9D691ACF4755}.Debug|x86.Build.0 = Debug|x86
		{911A7E6D-BDA1-4DDE-B8C8-9D691ACF4755}.Release|x86.ActiveCfg = Release|x86
		{911A7E6D-BDA1-4DDE-B8C8-9D691ACF4755}.Release|x86.Build.0 = Release|x86
		{966A4BE9-FBA1-41E6-9393-46F8492C1CCB}.Debug|x86.ActiveCfg = Debug|x86
		{966A4BE9-FBA1-41E6-9393-46F8492C1CCB}.Debug|x86.Build.0 = Debug|x86
		{966A4BE9-FBA1-41E6-9393-46F8492C1CCB}.Release|x86.ActiveCfg = Release|x86
		{966A4BE9-FBA1-41E6-9393-46F8492C1CCB}.Release|x86.Build.0 = Release|x86
		{C78A1AFB-9222-4BAE-BCD6-2BB54D21761D}.Debug|x86.ActiveCfg = Debug|x86
		{C78A1AFB-9222-4BAE-BCD6-2BB54D21761D}.Debug|x86.Build.0 = Debug|x86
		{C78A1AFB-9222-4BAE-BCD6-2BB54D21761D}.Release|x86.ActiveCfg = Release|x86
		{C78A1AFB-9222-4BAE-BCD6-2BB54D21761D}.Release|x86.Build.0 = Release|x86
	EndGlobalSection
	GlobalSection(SolutionProperties) = preSolution
		HideSolutionNode = FALSE
	EndGlobalSection
EndGlobal
